// !$*UTF8*$!
{
	archiveVersion = 1;
	classes = {
	};
	objectVersion = 50;
	objects = {

/* Begin PBXBuildFile section */
		EDF16C9026FB81570005D347 /* AppDelegate.swift in Sources */ = {isa = PBXBuildFile; fileRef = EDF16C8F26FB81570005D347 /* AppDelegate.swift */; };
		EDF16C9926FB81580005D347 /* Assets.xcassets in Resources */ = {isa = PBXBuildFile; fileRef = EDF16C9826FB81580005D347 /* Assets.xcassets */; };
		EDF16C9C26FB81580005D347 /* LaunchScreen.storyboard in Resources */ = {isa = PBXBuildFile; fileRef = EDF16C9A26FB81580005D347 /* LaunchScreen.storyboard */; };
		EDF16CAD26FB8B970005D347 /* HomeViewController.swift in Sources */ = {isa = PBXBuildFile; fileRef = EDF16CAB26FB8B970005D347 /* HomeViewController.swift */; };
		EDF16CAE26FB8B970005D347 /* HomeViewController.xib in Resources */ = {isa = PBXBuildFile; fileRef = EDF16CAC26FB8B970005D347 /* HomeViewController.xib */; };
		EDF16CB026FBC0460005D347 /* UIBottonExtension.swift in Sources */ = {isa = PBXBuildFile; fileRef = EDF16CAF26FBC0460005D347 /* UIBottonExtension.swift */; };
/* End PBXBuildFile section */

/* Begin PBXFileReference section */
		EDF16C8C26FB81570005D347 /* IOS-Calculator.app */ = {isa = PBXFileReference; explicitFileType = wrapper.application; includeInIndex = 0; path = "IOS-Calculator.app"; sourceTree = BUILT_PRODUCTS_DIR; };
		EDF16C8F26FB81570005D347 /* AppDelegate.swift */ = {isa = PBXFileReference; lastKnownFileType = sourcecode.swift; path = AppDelegate.swift; sourceTree = "<group>"; };
		EDF16C9826FB81580005D347 /* Assets.xcassets */ = {isa = PBXFileReference; lastKnownFileType = folder.assetcatalog; path = Assets.xcassets; sourceTree = "<group>"; };
		EDF16C9B26FB81580005D347 /* Base */ = {isa = PBXFileReference; lastKnownFileType = file.storyboard; name = Base; path = Base.lproj/LaunchScreen.storyboard; sourceTree = "<group>"; };
		EDF16C9D26FB81580005D347 /* Info.plist */ = {isa = PBXFileReference; lastKnownFileType = text.plist.xml; path = Info.plist; sourceTree = "<group>"; };
		EDF16CAB26FB8B970005D347 /* HomeViewController.swift */ = {isa = PBXFileReference; lastKnownFileType = sourcecode.swift; path = HomeViewController.swift; sourceTree = "<group>"; };
		EDF16CAC26FB8B970005D347 /* HomeViewController.xib */ = {isa = PBXFileReference; lastKnownFileType = file.xib; path = HomeViewController.xib; sourceTree = "<group>"; };
		EDF16CAF26FBC0460005D347 /* UIBottonExtension.swift */ = {isa = PBXFileReference; lastKnownFileType = sourcecode.swift; path = UIBottonExtension.swift; sourceTree = "<group>"; };
/* End PBXFileReference section */

/* Begin PBXFrameworksBuildPhase section */
		EDF16C8926FB81570005D347 /* Frameworks */ = {
			isa = PBXFrameworksBuildPhase;
			buildActionMask = 2147483647;
			files = (
			);
			runOnlyForDeploymentPostprocessing = 0;
		};
/* End PBXFrameworksBuildPhase section */

/* Begin PBXGroup section */
		EDF16C8326FB81570005D347 = {
			isa = PBXGroup;
			children = (
				EDF16C8E26FB81570005D347 /* IOS-Calculator */,
				EDF16C8D26FB81570005D347 /* Products */,
			);
			sourceTree = "<group>";
		};
		EDF16C8D26FB81570005D347 /* Products */ = {
			isa = PBXGroup;
			children = (
				EDF16C8C26FB81570005D347 /* IOS-Calculator.app */,
			);
			name = Products;
			sourceTree = "<group>";
		};
		EDF16C8E26FB81570005D347 /* IOS-Calculator */ = {
			isa = PBXGroup;
			children = (
				EDF16C8F26FB81570005D347 /* AppDelegate.swift */,
				EDF16CA726FB8AC20005D347 /* Util */,
				EDF16CA626FB8AB00005D347 /* View */,
				EDF16CA526FB8A9B0005D347 /* Controller */,
				EDF16CA426FB8A8B0005D347 /* Model */,
				EDF16CA326FB86D80005D347 /* Suporting Files */,
				EDF16C9826FB81580005D347 /* Assets.xcassets */,
			);
			path = "IOS-Calculator";
			sourceTree = "<group>";
		};
		EDF16CA326FB86D80005D347 /* Suporting Files */ = {
			isa = PBXGroup;
			children = (
				EDF16C9D26FB81580005D347 /* Info.plist */,
			);
			path = "Suporting Files";
			sourceTree = "<group>";
		};
		EDF16CA426FB8A8B0005D347 /* Model */ = {
			isa = PBXGroup;
			children = (
			);
			path = Model;
			sourceTree = "<group>";
		};
		EDF16CA526FB8A9B0005D347 /* Controller */ = {
			isa = PBXGroup;
			children = (
				EDF16CAA26FB8B6A0005D347 /* Home */,
			);
			path = Controller;
			sourceTree = "<group>";
		};
		EDF16CA626FB8AB00005D347 /* View */ = {
			isa = PBXGroup;
			children = (
				EDF16CA926FB8B590005D347 /* Home */,
				EDF16CA826FB8AF60005D347 /* Launch */,
			);
			path = View;
			sourceTree = "<group>";
		};
		EDF16CA726FB8AC20005D347 /* Util */ = {
			isa = PBXGroup;
			children = (
				EDF16CAF26FBC0460005D347 /* UIBottonExtension.swift */,
			);
			path = Util;
			sourceTree = "<group>";
		};
		EDF16CA826FB8AF60005D347 /* Launch */ = {
			isa = PBXGroup;
			children = (
				EDF16C9A26FB81580005D347 /* LaunchScreen.storyboard */,
			);
			path = Launch;
			sourceTree = "<group>";
		};
		EDF16CA926FB8B590005D347 /* Home */ = {
			isa = PBXGroup;
			children = (
				EDF16CAC26FB8B970005D347 /* HomeViewController.xib */,
			);
			path = Home;
			sourceTree = "<group>";
		};
		EDF16CAA26FB8B6A0005D347 /* Home */ = {
			isa = PBXGroup;
			children = (
				EDF16CAB26FB8B970005D347 /* HomeViewController.swift */,
			);
			path = Home;
			sourceTree = "<group>";
		};
/* End PBXGroup section */

/* Begin PBXNativeTarget section */
		EDF16C8B26FB81570005D347 /* IOS-Calculator */ = {
			isa = PBXNativeTarget;
			buildConfigurationList = EDF16CA026FB81580005D347 /* Build configuration list for PBXNativeTarget "IOS-Calculator" */;
			buildPhases = (
				EDF16C8826FB81570005D347 /* Sources */,
				EDF16C8926FB81570005D347 /* Frameworks */,
				EDF16C8A26FB81570005D347 /* Resources */,
			);
			buildRules = (
			);
			dependencies = (
			);
			name = "IOS-Calculator";
			productName = "IOS-Calculator";
			productReference = EDF16C8C26FB81570005D347 /* IOS-Calculator.app */;
			productType = "com.apple.product-type.application";
		};
/* End PBXNativeTarget section */

/* Begin PBXProject section */
		EDF16C8426FB81570005D347 /* Project object */ = {
			isa = PBXProject;
			attributes = {
				LastSwiftUpdateCheck = 1250;
				LastUpgradeCheck = 1250;
				TargetAttributes = {
					EDF16C8B26FB81570005D347 = {
						CreatedOnToolsVersion = 12.5.1;
					};
				};
			};
			buildConfigurationList = EDF16C8726FB81570005D347 /* Build configuration list for PBXProject "IOS-Calculator" */;
			compatibilityVersion = "Xcode 9.3";
			developmentRegion = en;
			hasScannedForEncodings = 0;
			knownRegions = (
				en,
				Base,
			);
			mainGroup = EDF16C8326FB81570005D347;
			productRefGroup = EDF16C8D26FB81570005D347 /* Products */;
			projectDirPath = "";
			projectRoot = "";
			targets = (
				EDF16C8B26FB81570005D347 /* IOS-Calculator */,
			);
		};
/* End PBXProject section */

/* Begin PBXResourcesBuildPhase section */
		EDF16C8A26FB81570005D347 /* Resources */ = {
			isa = PBXResourcesBuildPhase;
			buildActionMask = 2147483647;
			files = (
				EDF16C9C26FB81580005D347 /* LaunchScreen.storyboard in Resources */,
				EDF16C9926FB81580005D347 /* Assets.xcassets in Resources */,
				EDF16CAE26FB8B970005D347 /* HomeViewController.xib in Resources */,
			);
			runOnlyForDeploymentPostprocessing = 0;
		};
/* End PBXResourcesBuildPhase section */

/* Begin PBXSourcesBuildPhase section */
		EDF16C8826FB81570005D347 /* Sources */ = {
			isa = PBXSourcesBuildPhase;
			buildActionMask = 2147483647;
			files = (
				EDF16CB026FBC0460005D347 /* UIBottonExtension.swift in Sources */,
				EDF16C9026FB81570005D347 /* AppDelegate.swift in Sources */,
				EDF16CAD26FB8B970005D347 /* HomeViewController.swift in Sources */,
			);
			runOnlyForDeploymentPostprocessing = 0;
		};
/* End PBXSourcesBuildPhase section */

/* Begin PBXVariantGroup section */
		EDF16C9A26FB81580005D347 /* LaunchScreen.storyboard */ = {
			isa = PBXVariantGroup;
			children = (
				EDF16C9B26FB81580005D347 /* Base */,
			);
			name = LaunchScreen.storyboard;
			sourceTree = "<group>";
		};
/* End PBXVariantGroup section */

/* Begin XCBuildConfiguration section */
		EDF16C9E26FB81580005D347 /* Debug */ = {
			isa = XCBuildConfiguration;
			buildSettings = {
				ALWAYS_SEARCH_USER_PATHS = NO;
				CLANG_ANALYZER_NONNULL = YES;
				CLANG_ANALYZER_NUMBER_OBJECT_CONVERSION = YES_AGGRESSIVE;
				CLANG_CXX_LANGUAGE_STANDARD = "gnu++14";
				CLANG_CXX_LIBRARY = "libc++";
				CLANG_ENABLE_MODULES = YES;
				CLANG_ENABLE_OBJC_ARC = YES;
				CLANG_ENABLE_OBJC_WEAK = YES;
				CLANG_WARN_BLOCK_CAPTURE_AUTORELEASING = YES;
				CLANG_WARN_BOOL_CONVERSION = YES;
				CLANG_WARN_COMMA = YES;
				CLANG_WARN_CONSTANT_CONVERSION = YES;
				CLANG_WARN_DEPRECATED_OBJC_IMPLEMENTATIONS = YES;
				CLANG_WARN_DIRECT_OBJC_ISA_USAGE = YES_ERROR;
				CLANG_WARN_DOCUMENTATION_COMMENTS = YES;
				CLANG_WARN_EMPTY_BODY = YES;
				CLANG_WARN_ENUM_CONVERSION = YES;
				CLANG_WARN_INFINITE_RECURSION = YES;
				CLANG_WARN_INT_CONVERSION = YES;
				CLANG_WARN_NON_LITERAL_NULL_CONVERSION = YES;
				CLANG_WARN_OBJC_IMPLICIT_RETAIN_SELF = YES;
				CLANG_WARN_OBJC_LITERAL_CONVERSION = YES;
				CLANG_WARN_OBJC_ROOT_CLASS = YES_ERROR;
				CLANG_WARN_QUOTED_INCLUDE_IN_FRAMEWORK_HEADER = YES;
				CLANG_WARN_RANGE_LOOP_ANALYSIS = YES;
				CLANG_WARN_STRICT_PROTOTYPES = YES;
				CLANG_WARN_SUSPICIOUS_MOVE = YES;
				CLANG_WARN_UNGUARDED_AVAILABILITY = YES_AGGRESSIVE;
				CLANG_WARN_UNREACHABLE_CODE = YES;
				CLANG_WARN__DUPLICATE_METHOD_MATCH = YES;
				COPY_PHASE_STRIP = NO;
				DEBUG_INFORMATION_FORMAT = dwarf;
				ENABLE_STRICT_OBJC_MSGSEND = YES;
				ENABLE_TESTABILITY = YES;
				GCC_C_LANGUAGE_STANDARD = gnu11;
				GCC_DYNAMIC_NO_PIC = NO;
				GCC_NO_COMMON_BLOCKS = YES;
				GCC_OPTIMIZATION_LEVEL = 0;
				GCC_PREPROCESSOR_DEFINITIONS = (
					"DEBUG=1",
					"$(inherited)",
				);
				GCC_WARN_64_TO_32_BIT_CONVERSION = YES;
				GCC_WARN_ABOUT_RETURN_TYPE = YES_ERROR;
				GCC_WARN_UNDECLARED_SELECTOR = YES;
				GCC_WARN_UNINITIALIZED_AUTOS = YES_AGGRESSIVE;
				GCC_WARN_UNUSED_FUNCTION = YES;
				GCC_WARN_UNUSED_VARIABLE = YES;
				IPHONEOS_DEPLOYMENT_TARGET = 10.0;
				MTL_ENABLE_DEBUG_INFO = INCLUDE_SOURCE;
				MTL_FAST_MATH = YES;
				ONLY_ACTIVE_ARCH = YES;
				SDKROOT = iphoneos;
				SWIFT_ACTIVE_COMPILATION_CONDITIONS = DEBUG;
				SWIFT_OPTIMIZATION_LEVEL = "-Onone";
			};
			name = Debug;
		};
		EDF16C9F26FB81580005D347 /* Release */ = {
			isa = XCBuildConfiguration;
			buildSettings = {
				ALWAYS_SEARCH_USER_PATHS = NO;
				CLANG_ANALYZER_NONNULL = YES;
				CLANG_ANALYZER_NUMBER_OBJECT_CONVERSION = YES_AGGRESSIVE;
				CLANG_CXX_LANGUAGE_STANDARD = "gnu++14";
				CLANG_CXX_LIBRARY = "libc++";
				CLANG_ENABLE_MODULES = YES;
				CLANG_ENABLE_OBJC_ARC = YES;
				CLANG_ENABLE_OBJC_WEAK = YES;
				CLANG_WARN_BLOCK_CAPTURE_AUTORELEASING = YES;
				CLANG_WARN_BOOL_CONVERSION = YES;
				CLANG_WARN_COMMA = YES;
				CLANG_WARN_CONSTANT_CONVERSION = YES;
				CLANG_WARN_DEPRECATED_OBJC_IMPLEMENTATIONS = YES;
				CLANG_WARN_DIRECT_OBJC_ISA_USAGE = YES_ERROR;
				CLANG_WARN_DOCUMENTATION_COMMENTS = YES;
				CLANG_WARN_EMPTY_BODY = YES;
				CLANG_WARN_ENUM_CONVERSION = YES;
				CLANG_WARN_INFINITE_RECURSION = YES;
				CLANG_WARN_INT_CONVERSION = YES;
				CLANG_WARN_NON_LITERAL_NULL_CONVERSION = YES;
				CLANG_WARN_OBJC_IMPLICIT_RETAIN_SELF = YES;
				CLANG_WARN_OBJC_LITERAL_CONVERSION = YES;
				CLANG_WARN_OBJC_ROOT_CLASS = YES_ERROR;
				CLANG_WARN_QUOTED_INCLUDE_IN_FRAMEWORK_HEADER = YES;
				CLANG_WARN_RANGE_LOOP_ANALYSIS = YES;
				CLANG_WARN_STRICT_PROTOTYPES = YES;
				CLANG_WARN_SUSPICIOUS_MOVE = YES;
				CLANG_WARN_UNGUARDED_AVAILABILITY = YES_AGGRESSIVE;
				CLANG_WARN_UNREACHABLE_CODE = YES;
				CLANG_WARN__DUPLICATE_METHOD_MATCH = YES;
				COPY_PHASE_STRIP = NO;
				DEBUG_INFORMATION_FORMAT = "dwarf-with-dsym";
				ENABLE_NS_ASSERTIONS = NO;
				ENABLE_STRICT_OBJC_MSGSEND = YES;
				GCC_C_LANGUAGE_STANDARD = gnu11;
				GCC_NO_COMMON_BLOCKS = YES;
				GCC_WARN_64_TO_32_BIT_CONVERSION = YES;
				GCC_WARN_ABOUT_RETURN_TYPE = YES_ERROR;
				GCC_WARN_UNDECLARED_SELECTOR = YES;
				GCC_WARN_UNINITIALIZED_AUTOS = YES_AGGRESSIVE;
				GCC_WARN_UNUSED_FUNCTION = YES;
				GCC_WARN_UNUSED_VARIABLE = YES;
				IPHONEOS_DEPLOYMENT_TARGET = 10.0;
				MTL_ENABLE_DEBUG_INFO = NO;
				MTL_FAST_MATH = YES;
				SDKROOT = iphoneos;
				SWIFT_COMPILATION_MODE = wholemodule;
				SWIFT_OPTIMIZATION_LEVEL = "-O";
				VALIDATE_PRODUCT = YES;
			};
			name = Release;
		};
		EDF16CA126FB81580005D347 /* Debug */ = {
			isa = XCBuildConfiguration;
			buildSettings = {
				ASSETCATALOG_COMPILER_APPICON_NAME = AppIcon;
				ASSETCATALOG_COMPILER_GLOBAL_ACCENT_COLOR_NAME = AccentColor;
				CODE_SIGN_STYLE = Automatic;
				INFOPLIST_FILE = "IOS-Calculator/Suporting Files/Info.plist";
				LD_RUNPATH_SEARCH_PATHS = (
					"$(inherited)",
					"@executable_path/Frameworks",
				);
				PRODUCT_BUNDLE_IDENTIFIER = "fer.IOS-Calculator";
				PRODUCT_NAME = "$(TARGET_NAME)";
				SWIFT_VERSION = 5.0;
				TARGETED_DEVICE_FAMILY = "1,2";
			};
			name = Debug;
		};
		EDF16CA226FB81580005D347 /* Release */ = {
			isa = XCBuildConfiguration;
			buildSettings = {
				ASSETCATALOG_COMPILER_APPICON_NAME = AppIcon;
				ASSETCATALOG_COMPILER_GLOBAL_ACCENT_COLOR_NAME = AccentColor;
				CODE_SIGN_STYLE = Automatic;
				INFOPLIST_FILE = "IOS-Calculator/Suporting Files/Info.plist";
				LD_RUNPATH_SEARCH_PATHS = (
					"$(inherited)",
					"@executable_path/Frameworks",
				);
				PRODUCT_BUNDLE_IDENTIFIER = "fer.IOS-Calculator";
				PRODUCT_NAME = "$(TARGET_NAME)";
				SWIFT_VERSION = 5.0;
				TARGETED_DEVICE_FAMILY = "1,2";
			};
			name = Release;
		};
/* End XCBuildConfiguration section */

/* Begin XCConfigurationList section */
		EDF16C8726FB81570005D347 /* Build configuration list for PBXProject "IOS-Calculator" */ = {
			isa = XCConfigurationList;
			buildConfigurations = (
				EDF16C9E26FB81580005D347 /* Debug */,
				EDF16C9F26FB81580005D347 /* Release */,
			);
			defaultConfigurationIsVisible = 0;
			defaultConfigurationName = Release;
		};
		EDF16CA026FB81580005D347 /* Build configuration list for PBXNativeTarget "IOS-Calculator" */ = {
			isa = XCConfigurationList;
			buildConfigurations = (
				EDF16CA126FB81580005D347 /* Debug */,
				EDF16CA226FB81580005D347 /* Release */,
			);
			defaultConfigurationIsVisible = 0;
			defaultConfigurationName = Release;
		};
/* End XCConfigurationList section */
	};
	rootObject = EDF16C8426FB81570005D347 /* Project object */;
}
